
Microsoft Visual Studio Solution File, Format Version 12.00
# Visual Studio Version 17
VisualStudioVersion = 17.4.33403.182
MinimumVisualStudioVersion = 10.0.40219.1
Project("{FAE04EC0-301F-11D3-BF4B-00C04F79EFBC}") = "LeapYearKata", "LeapYearKata.csproj", "{ED3478CD-AC80-4900-B9F2-7B0248596EB2}"
EndProject
Project("{FAE04EC0-301F-11D3-BF4B-00C04F79EFBC}") = "LeapYearKata.Tests", "..\LeapYearKata.Tests\LeapYearKata.Tests.csproj", "{0E207DFF-0119-400C-ADCC-3E5AE7D5F602}"
EndProject
Global
	GlobalSection(SolutionConfigurationPlatforms) = preSolution
		Debug|Any CPU = Debug|Any CPU
		Release|Any CPU = Release|Any CPU
	EndGlobalSection
	GlobalSection(ProjectConfigurationPlatforms) = postSolution
		{ED3478CD-AC80-4900-B9F2-7B0248596EB2}.Debug|Any CPU.ActiveCfg = Debug|Any CPU
		{ED3478CD-AC80-4900-B9F2-7B0248596EB2}.Debug|Any CPU.Build.0 = Debug|Any CPU
		{ED3478CD-AC80-4900-B9F2-7B0248596EB2}.Release|Any CPU.ActiveCfg = Release|Any CPU
		{ED3478CD-AC80-4900-B9F2-7B0248596EB2}.Release|Any CPU.Build.0 = Release|Any CPU
		{0E207DFF-0119-400C-ADCC-3E5AE7D5F602}.Debug|Any CPU.ActiveCfg = Debug|Any CPU
		{0E207DFF-0119-400C-ADCC-3E5AE7D5F602}.Debug|Any CPU.Build.0 = Debug|Any CPU
		{0E207DFF-0119-400C-ADCC-3E5AE7D5F602}.Release|Any CPU.ActiveCfg = Release|Any CPU
		{0E207DFF-0119-400C-ADCC-3E5AE7D5F602}.Release|Any CPU.Build.0 = Release|Any CPU
	EndGlobalSection
	GlobalSection(SolutionProperties) = preSolution
		HideSolutionNode = FALSE
	EndGlobalSection
	GlobalSection(ExtensibilityGlobals) = postSolution
		SolutionGuid = {EB2AD110-71CB-43B5-ACCD-25F60F7069E6}
	EndGlobalSection
EndGlobal
